
Microsoft Visual Studio Solution File, Format Version 12.00
# Visual Studio Version 17
VisualStudioVersion = 17.14.36414.22 d17.14
MinimumVisualStudioVersion = 10.0.40219.1
Project("{FAE04EC0-301F-11D3-BF4B-00C04F79EFBC}") = "SimpleCalculator", "SimpleCalculator\SimpleCalculator.csproj", "{D2E94CD4-7CB3-4F62-82B1-444D0C76DB96}"
EndProject
Global
	GlobalSection(SolutionConfigurationPlatforms) = preSolution
		Debug|Any CPU = Debug|Any CPU
		Release|Any CPU = Release|Any CPU
	EndGlobalSection
	GlobalSection(ProjectConfigurationPlatforms) = postSolution
		{D2E94CD4-7CB3-4F62-82B1-444D0C76DB96}.Debug|Any CPU.ActiveCfg = Debug|Any CPU
		{D2E94CD4-7CB3-4F62-82B1-444D0C76DB96}.Debug|Any CPU.Build.0 = Debug|Any CPU
		{D2E94CD4-7CB3-4F62-82B1-444D0C76DB96}.Release|Any CPU.ActiveCfg = Release|Any CPU
		{D2E94CD4-7CB3-4F62-82B1-444D0C76DB96}.Release|Any CPU.Build.0 = Release|Any CPU
	EndGlobalSection
	GlobalSection(SolutionProperties) = preSolution
		HideSolutionNode = FALSE
	EndGlobalSection
	GlobalSection(ExtensibilityGlobals) = postSolution
		SolutionGuid = {05EB51D0-02B7-4210-AD34-7417E0613C7E}
	EndGlobalSection
EndGlobal
